// !$*UTF8*$!
{
	archiveVersion = 1;
	classes = {
	};
	objectVersion = 77;
	objects = {

/* Begin PBXBuildFile section */
		893D5E6D2ED6DAA00022251F /* NetworkLayer.swift in Sources */ = {isa = PBXBuildFile; fileRef = 893D5E6B2ED6DAA00022251F /* NetworkLayer.swift */; };
		893D5E742ED6DB860022251F /* HTTPMethod.swift in Sources */ = {isa = PBXBuildFile; fileRef = 893D5E732ED6DB7B0022251F /* HTTPMethod.swift */; };
		893D5E762ED6DC070022251F /* HTTPTask.swift in Sources */ = {isa = PBXBuildFile; fileRef = 893D5E752ED6DC070022251F /* HTTPTask.swift */; };
		893D5E7C2ED6DDF60022251F /* NetworkError.swift in Sources */ = {isa = PBXBuildFile; fileRef = 893D5E7B2ED6DDF60022251F /* NetworkError.swift */; };
		894AA4722EE8071500E00CD2 /* ServerError.swift in Sources */ = {isa = PBXBuildFile; fileRef = 894AA4712EE8071500E00CD2 /* ServerError.swift */; };
		894AA4742EE8075D00E00CD2 /* HTTPStatusCode.swift in Sources */ = {isa = PBXBuildFile; fileRef = 894AA4732EE8075D00E00CD2 /* HTTPStatusCode.swift */; };
		894AA4792EE94C3B00E00CD2 /* ApiConfiguration.swift in Sources */ = {isa = PBXBuildFile; fileRef = 894AA4782EE94C3B00E00CD2 /* ApiConfiguration.swift */; };
		8955BD132EE2A5AE00F95A08 /* NetworkConfig.swift in Sources */ = {isa = PBXBuildFile; fileRef = 8955BD122EE2A5AE00F95A08 /* NetworkConfig.swift */; };
		89A7E2742EED62BF00287FD8 /* JSONParameterEncoder.swift in Sources */ = {isa = PBXBuildFile; fileRef = 89A7E2732EED62BF00287FD8 /* JSONParameterEncoder.swift */; };
		89A7E2772EED62CF00287FD8 /* NetworkService.swift in Sources */ = {isa = PBXBuildFile; fileRef = 89A7E2752EED62CF00287FD8 /* NetworkService.swift */; };
		89A7E2782EED62CF00287FD8 /* ParameterEncoder.swift in Sources */ = {isa = PBXBuildFile; fileRef = 89A7E2762EED62CF00287FD8 /* ParameterEncoder.swift */; };
		89A7E27A2EED634900287FD8 /* URLParameterEncoder.swift in Sources */ = {isa = PBXBuildFile; fileRef = 89A7E2792EED634900287FD8 /* URLParameterEncoder.swift */; };
/* End PBXBuildFile section */

/* Begin PBXFileReference section */
		893D5E612ED6DA5E0022251F /* NetworkLayer.framework */ = {isa = PBXFileReference; explicitFileType = wrapper.framework; includeInIndex = 0; path = NetworkLayer.framework; sourceTree = BUILT_PRODUCTS_DIR; };
		893D5E6B2ED6DAA00022251F /* NetworkLayer.swift */ = {isa = PBXFileReference; lastKnownFileType = sourcecode.swift; path = NetworkLayer.swift; sourceTree = "<group>"; };
		893D5E732ED6DB7B0022251F /* HTTPMethod.swift */ = {isa = PBXFileReference; lastKnownFileType = sourcecode.swift; path = HTTPMethod.swift; sourceTree = "<group>"; };
		893D5E752ED6DC070022251F /* HTTPTask.swift */ = {isa = PBXFileReference; lastKnownFileType = sourcecode.swift; path = HTTPTask.swift; sourceTree = "<group>"; };
		893D5E7B2ED6DDF60022251F /* NetworkError.swift */ = {isa = PBXFileReference; lastKnownFileType = sourcecode.swift; path = NetworkError.swift; sourceTree = "<group>"; };
		894AA4712EE8071500E00CD2 /* ServerError.swift */ = {isa = PBXFileReference; lastKnownFileType = sourcecode.swift; path = ServerError.swift; sourceTree = "<group>"; };
		894AA4732EE8075D00E00CD2 /* HTTPStatusCode.swift */ = {isa = PBXFileReference; lastKnownFileType = sourcecode.swift; path = HTTPStatusCode.swift; sourceTree = "<group>"; };
		894AA4782EE94C3B00E00CD2 /* ApiConfiguration.swift */ = {isa = PBXFileReference; lastKnownFileType = sourcecode.swift; path = ApiConfiguration.swift; sourceTree = "<group>"; };
		8955BD122EE2A5AE00F95A08 /* NetworkConfig.swift */ = {isa = PBXFileReference; lastKnownFileType = sourcecode.swift; path = NetworkConfig.swift; sourceTree = "<group>"; };
		89A7E2732EED62BF00287FD8 /* JSONParameterEncoder.swift */ = {isa = PBXFileReference; lastKnownFileType = sourcecode.swift; path = JSONParameterEncoder.swift; sourceTree = "<group>"; };
		89A7E2752EED62CF00287FD8 /* NetworkService.swift */ = {isa = PBXFileReference; lastKnownFileType = sourcecode.swift; path = NetworkService.swift; sourceTree = "<group>"; };
		89A7E2762EED62CF00287FD8 /* ParameterEncoder.swift */ = {isa = PBXFileReference; lastKnownFileType = sourcecode.swift; path = ParameterEncoder.swift; sourceTree = "<group>"; };
		89A7E2792EED634900287FD8 /* URLParameterEncoder.swift */ = {isa = PBXFileReference; lastKnownFileType = sourcecode.swift; path = URLParameterEncoder.swift; sourceTree = "<group>"; };
/* End PBXFileReference section */

/* Begin PBXFrameworksBuildPhase section */
		893D5E5E2ED6DA5E0022251F /* Frameworks */ = {
			isa = PBXFrameworksBuildPhase;
			buildActionMask = 2147483647;
			files = (
			);
			runOnlyForDeploymentPostprocessing = 0;
		};
/* End PBXFrameworksBuildPhase section */

/* Begin PBXGroup section */
		893D5E572ED6DA5E0022251F = {
			isa = PBXGroup;
			children = (
				893D5E6C2ED6DAA00022251F /* NetworkLayer */,
				893D5E622ED6DA5E0022251F /* Products */,
			);
			sourceTree = "<group>";
		};
		893D5E622ED6DA5E0022251F /* Products */ = {
			isa = PBXGroup;
			children = (
				893D5E612ED6DA5E0022251F /* NetworkLayer.framework */,
			);
			name = Products;
			sourceTree = "<group>";
		};
		893D5E6C2ED6DAA00022251F /* NetworkLayer */ = {
			isa = PBXGroup;
			children = (
				894AA4772EE94C2600E00CD2 /* Entities */,
				893D5E702ED6DAC50022251F /* Networking */,
				893D5E6B2ED6DAA00022251F /* NetworkLayer.swift */,
			);
			path = NetworkLayer;
			sourceTree = "<group>";
		};
		893D5E702ED6DAC50022251F /* Networking */ = {
			isa = PBXGroup;
			children = (
				893D5E7A2ED6DDE20022251F /* Error */,
				893D5E772ED6DCDB0022251F /* Encoding */,
				893D5E712ED6DB6B0022251F /* Service */,
			);
			path = Networking;
			sourceTree = "<group>";
		};
		893D5E712ED6DB6B0022251F /* Service */ = {
			isa = PBXGroup;
			children = (
				89A7E2752EED62CF00287FD8 /* NetworkService.swift */,
				89A7E2762EED62CF00287FD8 /* ParameterEncoder.swift */,
				893D5E732ED6DB7B0022251F /* HTTPMethod.swift */,
				893D5E752ED6DC070022251F /* HTTPTask.swift */,
				894AA4732EE8075D00E00CD2 /* HTTPStatusCode.swift */,
				8955BD122EE2A5AE00F95A08 /* NetworkConfig.swift */,
			);
			path = Service;
			sourceTree = "<group>";
		};
		893D5E772ED6DCDB0022251F /* Encoding */ = {
			isa = PBXGroup;
			children = (
				89A7E2792EED634900287FD8 /* URLParameterEncoder.swift */,
				89A7E2732EED62BF00287FD8 /* JSONParameterEncoder.swift */,
			);
			path = Encoding;
			sourceTree = "<group>";
		};
		893D5E7A2ED6DDE20022251F /* Error */ = {
			isa = PBXGroup;
			children = (
				893D5E7B2ED6DDF60022251F /* NetworkError.swift */,
				894AA4712EE8071500E00CD2 /* ServerError.swift */,
			);
			path = Error;
			sourceTree = "<group>";
		};
		894AA4772EE94C2600E00CD2 /* Entities */ = {
			isa = PBXGroup;
			children = (
				894AA4782EE94C3B00E00CD2 /* ApiConfiguration.swift */,
			);
			path = Entities;
			sourceTree = "<group>";
		};
/* End PBXGroup section */

/* Begin PBXHeadersBuildPhase section */
		893D5E5C2ED6DA5E0022251F /* Headers */ = {
			isa = PBXHeadersBuildPhase;
			buildActionMask = 2147483647;
			files = (
			);
			runOnlyForDeploymentPostprocessing = 0;
		};
/* End PBXHeadersBuildPhase section */

/* Begin PBXNativeTarget section */
		893D5E602ED6DA5E0022251F /* NetworkLayer */ = {
			isa = PBXNativeTarget;
			buildConfigurationList = 893D5E682ED6DA5F0022251F /* Build configuration list for PBXNativeTarget "NetworkLayer" */;
			buildPhases = (
				893D5E5C2ED6DA5E0022251F /* Headers */,
				89871DCC2EDDD002003E547A /* Run SwiftLint */,
				893D5E5D2ED6DA5E0022251F /* Sources */,
				893D5E5E2ED6DA5E0022251F /* Frameworks */,
				893D5E5F2ED6DA5E0022251F /* Resources */,
			);
			buildRules = (
			);
			dependencies = (
			);
			name = NetworkLayer;
			packageProductDependencies = (
			);
			productName = NetworkLayer;
			productReference = 893D5E612ED6DA5E0022251F /* NetworkLayer.framework */;
			productType = "com.apple.product-type.framework";
		};
/* End PBXNativeTarget section */

/* Begin PBXProject section */
		893D5E582ED6DA5E0022251F /* Project object */ = {
			isa = PBXProject;
			attributes = {
				BuildIndependentTargetsInParallel = 1;
				LastSwiftUpdateCheck = 1640;
				LastUpgradeCheck = 1640;
				TargetAttributes = {
					893D5E602ED6DA5E0022251F = {
						CreatedOnToolsVersion = 16.4;
					};
				};
			};
			buildConfigurationList = 893D5E5B2ED6DA5E0022251F /* Build configuration list for PBXProject "NetworkLayer" */;
			developmentRegion = en;
			hasScannedForEncodings = 0;
			knownRegions = (
				en,
				Base,
			);
			mainGroup = 893D5E572ED6DA5E0022251F;
			minimizedProjectReferenceProxies = 1;
			packageReferences = (
			);
			preferredProjectObjectVersion = 77;
			productRefGroup = 893D5E622ED6DA5E0022251F /* Products */;
			projectDirPath = "";
			projectRoot = "";
			targets = (
				893D5E602ED6DA5E0022251F /* NetworkLayer */,
			);
		};
/* End PBXProject section */

/* Begin PBXResourcesBuildPhase section */
		893D5E5F2ED6DA5E0022251F /* Resources */ = {
			isa = PBXResourcesBuildPhase;
			buildActionMask = 2147483647;
			files = (
			);
			runOnlyForDeploymentPostprocessing = 0;
		};
/* End PBXResourcesBuildPhase section */

/* Begin PBXShellScriptBuildPhase section */
		89871DCC2EDDD002003E547A /* Run SwiftLint */ = {
			isa = PBXShellScriptBuildPhase;
			buildActionMask = 2147483647;
			files = (
			);
			inputFileListPaths = (
			);
			inputPaths = (
			);
			name = "Run SwiftLint";
			outputFileListPaths = (
			);
			outputPaths = (
			);
			runOnlyForDeploymentPostprocessing = 0;
			shellPath = /bin/sh;
			shellScript = "if [[ \"$(uname -m)\" == arm64 ]]\nthen\n    export PATH=\"/opt/homebrew/bin:$PATH\"\nfi\n\nif command -v swiftlint >/dev/null 2>&1\nthen\n  swiftlint\nelse\n  echo \"error: SwiftLint does not exist, download it from https://github.com/realm/SwiftLint\"\n  exit 1\nfi\n";
		};
/* End PBXShellScriptBuildPhase section */

/* Begin PBXSourcesBuildPhase section */
		893D5E5D2ED6DA5E0022251F /* Sources */ = {
			isa = PBXSourcesBuildPhase;
			buildActionMask = 2147483647;
			files = (
				89A7E2772EED62CF00287FD8 /* NetworkService.swift in Sources */,
				89A7E2782EED62CF00287FD8 /* ParameterEncoder.swift in Sources */,
				893D5E762ED6DC070022251F /* HTTPTask.swift in Sources */,
				8955BD132EE2A5AE00F95A08 /* NetworkConfig.swift in Sources */,
				893D5E742ED6DB860022251F /* HTTPMethod.swift in Sources */,
				894AA4742EE8075D00E00CD2 /* HTTPStatusCode.swift in Sources */,
				893D5E6D2ED6DAA00022251F /* NetworkLayer.swift in Sources */,
				89A7E2742EED62BF00287FD8 /* JSONParameterEncoder.swift in Sources */,
				89A7E27A2EED634900287FD8 /* URLParameterEncoder.swift in Sources */,
				893D5E7C2ED6DDF60022251F /* NetworkError.swift in Sources */,
				894AA4722EE8071500E00CD2 /* ServerError.swift in Sources */,
				894AA4792EE94C3B00E00CD2 /* ApiConfiguration.swift in Sources */,
			);
			runOnlyForDeploymentPostprocessing = 0;
		};
/* End PBXSourcesBuildPhase section */

/* Begin XCBuildConfiguration section */
		893D5E662ED6DA5F0022251F /* Debug */ = {
			isa = XCBuildConfiguration;
			buildSettings = {
				ALWAYS_SEARCH_USER_PATHS = NO;
				ASSETCATALOG_COMPILER_GENERATE_SWIFT_ASSET_SYMBOL_EXTENSIONS = YES;
				CLANG_ANALYZER_NONNULL = YES;
				CLANG_ANALYZER_NUMBER_OBJECT_CONVERSION = YES_AGGRESSIVE;
				CLANG_CXX_LANGUAGE_STANDARD = "gnu++20";
				CLANG_ENABLE_MODULES = YES;
				CLANG_ENABLE_OBJC_ARC = YES;
				CLANG_ENABLE_OBJC_WEAK = YES;
				CLANG_WARN_BLOCK_CAPTURE_AUTORELEASING = YES;
				CLANG_WARN_BOOL_CONVERSION = YES;
				CLANG_WARN_COMMA = YES;
				CLANG_WARN_CONSTANT_CONVERSION = YES;
				CLANG_WARN_DEPRECATED_OBJC_IMPLEMENTATIONS = YES;
				CLANG_WARN_DIRECT_OBJC_ISA_USAGE = YES_ERROR;
				CLANG_WARN_DOCUMENTATION_COMMENTS = YES;
				CLANG_WARN_EMPTY_BODY = YES;
				CLANG_WARN_ENUM_CONVERSION = YES;
				CLANG_WARN_INFINITE_RECURSION = YES;
				CLANG_WARN_INT_CONVERSION = YES;
				CLANG_WARN_NON_LITERAL_NULL_CONVERSION = YES;
				CLANG_WARN_OBJC_IMPLICIT_RETAIN_SELF = YES;
				CLANG_WARN_OBJC_LITERAL_CONVERSION = YES;
				CLANG_WARN_OBJC_ROOT_CLASS = YES_ERROR;
				CLANG_WARN_QUOTED_INCLUDE_IN_FRAMEWORK_HEADER = YES;
				CLANG_WARN_RANGE_LOOP_ANALYSIS = YES;
				CLANG_WARN_STRICT_PROTOTYPES = YES;
				CLANG_WARN_SUSPICIOUS_MOVE = YES;
				CLANG_WARN_UNGUARDED_AVAILABILITY = YES_AGGRESSIVE;
				CLANG_WARN_UNREACHABLE_CODE = YES;
				CLANG_WARN__DUPLICATE_METHOD_MATCH = YES;
				COPY_PHASE_STRIP = NO;
				CURRENT_PROJECT_VERSION = 1;
				DEBUG_INFORMATION_FORMAT = dwarf;
				DEVELOPMENT_TEAM = 74A6F279YB;
				ENABLE_STRICT_OBJC_MSGSEND = YES;
				ENABLE_TESTABILITY = YES;
				ENABLE_USER_SCRIPT_SANDBOXING = YES;
				FUSE_BUILD_SCRIPT_PHASES = YES;
				GCC_C_LANGUAGE_STANDARD = gnu17;
				GCC_DYNAMIC_NO_PIC = NO;
				GCC_NO_COMMON_BLOCKS = YES;
				GCC_OPTIMIZATION_LEVEL = 0;
				GCC_PREPROCESSOR_DEFINITIONS = (
					"DEBUG=1",
					"$(inherited)",
				);
				GCC_WARN_64_TO_32_BIT_CONVERSION = YES;
				GCC_WARN_ABOUT_RETURN_TYPE = YES_ERROR;
				GCC_WARN_UNDECLARED_SELECTOR = YES;
				GCC_WARN_UNINITIALIZED_AUTOS = YES_AGGRESSIVE;
				GCC_WARN_UNUSED_FUNCTION = YES;
				GCC_WARN_UNUSED_VARIABLE = YES;
				IPHONEOS_DEPLOYMENT_TARGET = 18.5;
				LOCALIZATION_PREFERS_STRING_CATALOGS = YES;
				MTL_ENABLE_DEBUG_INFO = INCLUDE_SOURCE;
				MTL_FAST_MATH = YES;
				ONLY_ACTIVE_ARCH = YES;
				SDKROOT = iphoneos;
				SWIFT_ACTIVE_COMPILATION_CONDITIONS = "DEBUG $(inherited)";
				SWIFT_OPTIMIZATION_LEVEL = "-Onone";
				VERSIONING_SYSTEM = "apple-generic";
				VERSION_INFO_PREFIX = "";
			};
			name = Debug;
		};
		893D5E672ED6DA5F0022251F /* Release */ = {
			isa = XCBuildConfiguration;
			buildSettings = {
				ALWAYS_SEARCH_USER_PATHS = NO;
				ASSETCATALOG_COMPILER_GENERATE_SWIFT_ASSET_SYMBOL_EXTENSIONS = YES;
				CLANG_ANALYZER_NONNULL = YES;
				CLANG_ANALYZER_NUMBER_OBJECT_CONVERSION = YES_AGGRESSIVE;
				CLANG_CXX_LANGUAGE_STANDARD = "gnu++20";
				CLANG_ENABLE_MODULES = YES;
				CLANG_ENABLE_OBJC_ARC = YES;
				CLANG_ENABLE_OBJC_WEAK = YES;
				CLANG_WARN_BLOCK_CAPTURE_AUTORELEASING = YES;
				CLANG_WARN_BOOL_CONVERSION = YES;
				CLANG_WARN_COMMA = YES;
				CLANG_WARN_CONSTANT_CONVERSION = YES;
				CLANG_WARN_DEPRECATED_OBJC_IMPLEMENTATIONS = YES;
				CLANG_WARN_DIRECT_OBJC_ISA_USAGE = YES_ERROR;
				CLANG_WARN_DOCUMENTATION_COMMENTS = YES;
				CLANG_WARN_EMPTY_BODY = YES;
				CLANG_WARN_ENUM_CONVERSION = YES;
				CLANG_WARN_INFINITE_RECURSION = YES;
				CLANG_WARN_INT_CONVERSION = YES;
				CLANG_WARN_NON_LITERAL_NULL_CONVERSION = YES;
				CLANG_WARN_OBJC_IMPLICIT_RETAIN_SELF = YES;
				CLANG_WARN_OBJC_LITERAL_CONVERSION = YES;
				CLANG_WARN_OBJC_ROOT_CLASS = YES_ERROR;
				CLANG_WARN_QUOTED_INCLUDE_IN_FRAMEWORK_HEADER = YES;
				CLANG_WARN_RANGE_LOOP_ANALYSIS = YES;
				CLANG_WARN_STRICT_PROTOTYPES = YES;
				CLANG_WARN_SUSPICIOUS_MOVE = YES;
				CLANG_WARN_UNGUARDED_AVAILABILITY = YES_AGGRESSIVE;
				CLANG_WARN_UNREACHABLE_CODE = YES;
				CLANG_WARN__DUPLICATE_METHOD_MATCH = YES;
				COPY_PHASE_STRIP = NO;
				CURRENT_PROJECT_VERSION = 1;
				DEBUG_INFORMATION_FORMAT = "dwarf-with-dsym";
				DEVELOPMENT_TEAM = 74A6F279YB;
				ENABLE_NS_ASSERTIONS = NO;
				ENABLE_STRICT_OBJC_MSGSEND = YES;
				ENABLE_USER_SCRIPT_SANDBOXING = YES;
				FUSE_BUILD_SCRIPT_PHASES = YES;
				GCC_C_LANGUAGE_STANDARD = gnu17;
				GCC_NO_COMMON_BLOCKS = YES;
				GCC_WARN_64_TO_32_BIT_CONVERSION = YES;
				GCC_WARN_ABOUT_RETURN_TYPE = YES_ERROR;
				GCC_WARN_UNDECLARED_SELECTOR = YES;
				GCC_WARN_UNINITIALIZED_AUTOS = YES_AGGRESSIVE;
				GCC_WARN_UNUSED_FUNCTION = YES;
				GCC_WARN_UNUSED_VARIABLE = YES;
				IPHONEOS_DEPLOYMENT_TARGET = 18.5;
				LOCALIZATION_PREFERS_STRING_CATALOGS = YES;
				MTL_ENABLE_DEBUG_INFO = NO;
				MTL_FAST_MATH = YES;
				ONLY_ACTIVE_ARCH = NO;
				SDKROOT = iphoneos;
				SWIFT_COMPILATION_MODE = wholemodule;
				VALIDATE_PRODUCT = YES;
				VERSIONING_SYSTEM = "apple-generic";
				VERSION_INFO_PREFIX = "";
			};
			name = Release;
		};
		893D5E692ED6DA5F0022251F /* Debug */ = {
			isa = XCBuildConfiguration;
			buildSettings = {
				BUILD_LIBRARY_FOR_DISTRIBUTION = YES;
				CODE_SIGN_STYLE = Automatic;
				CURRENT_PROJECT_VERSION = 1;
				DEVELOPMENT_TEAM = 74A6F279YB;
				DYLIB_COMPATIBILITY_VERSION = 1;
				DYLIB_CURRENT_VERSION = 1;
				DYLIB_INSTALL_NAME_BASE = "@rpath";
				ENABLE_MODULE_VERIFIER = YES;
				GENERATE_INFOPLIST_FILE = YES;
				INFOPLIST_KEY_NSHumanReadableCopyright = "";
				INSTALL_PATH = "$(LOCAL_LIBRARY_DIR)/Frameworks";
				LD_RUNPATH_SEARCH_PATHS = (
					"$(inherited)",
					"@executable_path/Frameworks",
					"@loader_path/Frameworks",
				);
				MARKETING_VERSION = 1.0;
				MODULE_VERIFIER_SUPPORTED_LANGUAGES = "objective-c objective-c++";
				MODULE_VERIFIER_SUPPORTED_LANGUAGE_STANDARDS = "gnu17 gnu++20";
				PRODUCT_BUNDLE_IDENTIFIER = com.verdx.NetworkLayer;
				PRODUCT_NAME = "$(TARGET_NAME:c99extidentifier)";
				SKIP_INSTALL = YES;
				SWIFT_EMIT_LOC_STRINGS = YES;
				SWIFT_INSTALL_MODULE = YES;
				SWIFT_INSTALL_OBJC_HEADER = NO;
				SWIFT_VERSION = 5.0;
				TARGETED_DEVICE_FAMILY = "1,2";
			};
			name = Debug;
		};
		893D5E6A2ED6DA5F0022251F /* Release */ = {
			isa = XCBuildConfiguration;
			buildSettings = {
				BUILD_LIBRARY_FOR_DISTRIBUTION = YES;
				CODE_SIGN_STYLE = Automatic;
				CURRENT_PROJECT_VERSION = 1;
				DEVELOPMENT_TEAM = 74A6F279YB;
				DYLIB_COMPATIBILITY_VERSION = 1;
				DYLIB_CURRENT_VERSION = 1;
				DYLIB_INSTALL_NAME_BASE = "@rpath";
				ENABLE_MODULE_VERIFIER = YES;
				GENERATE_INFOPLIST_FILE = YES;
				INFOPLIST_KEY_NSHumanReadableCopyright = "";
				INSTALL_PATH = "$(LOCAL_LIBRARY_DIR)/Frameworks";
				LD_RUNPATH_SEARCH_PATHS = (
					"$(inherited)",
					"@executable_path/Frameworks",
					"@loader_path/Frameworks",
				);
				MARKETING_VERSION = 1.0;
				MODULE_VERIFIER_SUPPORTED_LANGUAGES = "objective-c objective-c++";
				MODULE_VERIFIER_SUPPORTED_LANGUAGE_STANDARDS = "gnu17 gnu++20";
				PRODUCT_BUNDLE_IDENTIFIER = com.verdx.NetworkLayer;
				PRODUCT_NAME = "$(TARGET_NAME:c99extidentifier)";
				SKIP_INSTALL = YES;
				SWIFT_EMIT_LOC_STRINGS = YES;
				SWIFT_INSTALL_MODULE = YES;
				SWIFT_INSTALL_OBJC_HEADER = NO;
				SWIFT_VERSION = 5.0;
				TARGETED_DEVICE_FAMILY = "1,2";
			};
			name = Release;
		};
/* End XCBuildConfiguration section */

/* Begin XCConfigurationList section */
		893D5E5B2ED6DA5E0022251F /* Build configuration list for PBXProject "NetworkLayer" */ = {
			isa = XCConfigurationList;
			buildConfigurations = (
				893D5E662ED6DA5F0022251F /* Debug */,
				893D5E672ED6DA5F0022251F /* Release */,
			);
			defaultConfigurationIsVisible = 0;
			defaultConfigurationName = Release;
		};
		893D5E682ED6DA5F0022251F /* Build configuration list for PBXNativeTarget "NetworkLayer" */ = {
			isa = XCConfigurationList;
			buildConfigurations = (
				893D5E692ED6DA5F0022251F /* Debug */,
				893D5E6A2ED6DA5F0022251F /* Release */,
			);
			defaultConfigurationIsVisible = 0;
			defaultConfigurationName = Release;
		};
/* End XCConfigurationList section */
	};
	rootObject = 893D5E582ED6DA5E0022251F /* Project object */;
}
